# @generated by Move, please check-in and do not edit manually.

[move]
version = 2
manifest_digest = "78A3712BCC51DA7C51D8ADAAE361DE263595DB43FD28C847838EC4155E7EE157"
deps_digest = "3C4103934B1E040BB6B23F1D610B4EF9F2F1166A50A104EADCF77467C004C600"
dependencies = [
  { name = "MoveStdlib" },
  { name = "Sui" },
]

[[move.package]]
name = "MoveStdlib"
source = { git = "https://github.com/MystenLabs/sui.git", rev = "framework/devnet", subdir = "crates/sui-framework/packages/move-stdlib" }

[[move.package]]
name = "Sui"
source = { git = "https://github.com/MystenLabs/sui.git", rev = "framework/devnet", subdir = "crates/sui-framework/packages/sui-framework" }

dependencies = [
  { name = "MoveStdlib" },
]

[move.toolchain-version]
compiler-version = "1.24.1"
edition = "2024.beta"
flavor = "sui"

[env]

[env.devnet]
chain-id = "bd665407"
original-published-id = "0x00ded131b8985021492908b35ef53b6a4057a46c85f6f0966f83f799bde4fcea"
latest-published-id = "0x00ded131b8985021492908b35ef53b6a4057a46c85f6f0966f83f799bde4fcea"
published-version = "1"
